
Microsoft Visual Studio Solution File, Format Version 12.00
# Visual Studio Version 16
VisualStudioVersion = 16.0.29009.5
MinimumVisualStudioVersion = 10.0.40219.1
Project("{9A19103F-16F7-4668-BE54-9A1E7A4F7556}") = "SmartParkingApp", "SmartParkingApp\SmartParkingApp.csproj", "{0796E990-0713-4536-A064-73CE2BE0CED6}"
EndProject
Project("{FAE04EC0-301F-11D3-BF4B-00C04F79EFBC}") = "ClientApp", "ClientApp\ClientApp.csproj", "{28315398-4551-4059-A759-7A6564034B67}"
EndProject
Project("{FAE04EC0-301F-11D3-BF4B-00C04F79EFBC}") = "SFKASl", "SFKASl\SFKASl.csproj", "{686BF2C6-9A3B-41C6-910C-D0FDF10517C6}"
EndProject
Project("{2150E333-8FDC-42A3-9474-1A3956D46DE8}") = "Data", "Data", "{159DF3D7-E609-468C-BCDB-9425D2B9489F}"
	ProjectSection(SolutionItems) = preProject
		Data\ParkingData.json = Data\ParkingData.json
		Data\Tariffs.json = Data\Tariffs.json
		Data\Users.json = Data\Users.json
	EndProjectSection
EndProject
Global
	GlobalSection(SolutionConfigurationPlatforms) = preSolution
		Debug|Any CPU = Debug|Any CPU
		Release|Any CPU = Release|Any CPU
	EndGlobalSection
	GlobalSection(ProjectConfigurationPlatforms) = postSolution
		{0796E990-0713-4536-A064-73CE2BE0CED6}.Debug|Any CPU.ActiveCfg = Debug|Any CPU
		{0796E990-0713-4536-A064-73CE2BE0CED6}.Debug|Any CPU.Build.0 = Debug|Any CPU
		{0796E990-0713-4536-A064-73CE2BE0CED6}.Release|Any CPU.ActiveCfg = Release|Any CPU
		{0796E990-0713-4536-A064-73CE2BE0CED6}.Release|Any CPU.Build.0 = Release|Any CPU
		{28315398-4551-4059-A759-7A6564034B67}.Debug|Any CPU.ActiveCfg = Debug|Any CPU
		{28315398-4551-4059-A759-7A6564034B67}.Debug|Any CPU.Build.0 = Debug|Any CPU
		{28315398-4551-4059-A759-7A6564034B67}.Release|Any CPU.ActiveCfg = Release|Any CPU
		{28315398-4551-4059-A759-7A6564034B67}.Release|Any CPU.Build.0 = Release|Any CPU
		{686BF2C6-9A3B-41C6-910C-D0FDF10517C6}.Debug|Any CPU.ActiveCfg = Debug|Any CPU
		{686BF2C6-9A3B-41C6-910C-D0FDF10517C6}.Debug|Any CPU.Build.0 = Debug|Any CPU
		{686BF2C6-9A3B-41C6-910C-D0FDF10517C6}.Release|Any CPU.ActiveCfg = Release|Any CPU
		{686BF2C6-9A3B-41C6-910C-D0FDF10517C6}.Release|Any CPU.Build.0 = Release|Any CPU
	EndGlobalSection
	GlobalSection(SolutionProperties) = preSolution
		HideSolutionNode = FALSE
	EndGlobalSection
	GlobalSection(ExtensibilityGlobals) = postSolution
		SolutionGuid = {6DE71027-7BF1-4FC5-BEEA-9CBD30568859}
	EndGlobalSection
EndGlobal
